
Microsoft Visual Studio Solution File, Format Version 12.00
# Visual Studio Version 16
VisualStudioVersion = 16.0.30717.126
MinimumVisualStudioVersion = 10.0.40219.1
Project("{9A19103F-16F7-4668-BE54-9A1E7A4F7556}") = "BackEnd", "BackEnd\BackEnd.csproj", "{E0C1B3B2-87F5-4163-98E6-B20B0545F820}"
EndProject
Project("{9A19103F-16F7-4668-BE54-9A1E7A4F7556}") = "ConferenceDTO", "ConferenceDTO\ConferenceDTO.csproj", "{1D0D545F-E766-4B97-990E-7CD8A02235A9}"
EndProject
Project("{9A19103F-16F7-4668-BE54-9A1E7A4F7556}") = "FrontEnd", "FrontEnd\FrontEnd.csproj", "{CB586086-A254-4BC0-A4B3-D5B013437D55}"
EndProject
Global
	GlobalSection(SolutionConfigurationPlatforms) = preSolution
		Debug|Any CPU = Debug|Any CPU
		Release|Any CPU = Release|Any CPU
	EndGlobalSection
	GlobalSection(ProjectConfigurationPlatforms) = postSolution
		{E0C1B3B2-87F5-4163-98E6-B20B0545F820}.Debug|Any CPU.ActiveCfg = Debug|Any CPU
		{E0C1B3B2-87F5-4163-98E6-B20B0545F820}.Debug|Any CPU.Build.0 = Debug|Any CPU
		{E0C1B3B2-87F5-4163-98E6-B20B0545F820}.Release|Any CPU.ActiveCfg = Release|Any CPU
		{E0C1B3B2-87F5-4163-98E6-B20B0545F820}.Release|Any CPU.Build.0 = Release|Any CPU
		{1D0D545F-E766-4B97-990E-7CD8A02235A9}.Debug|Any CPU.ActiveCfg = Debug|Any CPU
		{1D0D545F-E766-4B97-990E-7CD8A02235A9}.Debug|Any CPU.Build.0 = Debug|Any CPU
		{1D0D545F-E766-4B97-990E-7CD8A02235A9}.Release|Any CPU.ActiveCfg = Release|Any CPU
		{1D0D545F-E766-4B97-990E-7CD8A02235A9}.Release|Any CPU.Build.0 = Release|Any CPU
		{CB586086-A254-4BC0-A4B3-D5B013437D55}.Debug|Any CPU.ActiveCfg = Debug|Any CPU
		{CB586086-A254-4BC0-A4B3-D5B013437D55}.Debug|Any CPU.Build.0 = Debug|Any CPU
		{CB586086-A254-4BC0-A4B3-D5B013437D55}.Release|Any CPU.ActiveCfg = Release|Any CPU
		{CB586086-A254-4BC0-A4B3-D5B013437D55}.Release|Any CPU.Build.0 = Release|Any CPU
	EndGlobalSection
	GlobalSection(SolutionProperties) = preSolution
		HideSolutionNode = FALSE
	EndGlobalSection
	GlobalSection(ExtensibilityGlobals) = postSolution
		SolutionGuid = {A7E54DAA-4828-4103-BD00-A8A6CCD9B04B}
	EndGlobalSection
EndGlobal
